
Microsoft Visual Studio Solution File, Format Version 12.00
# Visual Studio Version 17
VisualStudioVersion = 17.10.34902.84
MinimumVisualStudioVersion = 10.0.40219.1
Project("{FAE04EC0-301F-11D3-BF4B-00C04F79EFBC}") = "EventManagementSystem", "EventManagementSystem\EventManagementSystem.csproj", "{B68CA483-5960-4F3D-A699-E685B8EBB593}"
EndProject
Global
	GlobalSection(SolutionConfigurationPlatforms) = preSolution
		Debug|Any CPU = Debug|Any CPU
		Release|Any CPU = Release|Any CPU
	EndGlobalSection
	GlobalSection(ProjectConfigurationPlatforms) = postSolution
		{B68CA483-5960-4F3D-A699-E685B8EBB593}.Debug|Any CPU.ActiveCfg = Debug|Any CPU
		{B68CA483-5960-4F3D-A699-E685B8EBB593}.Debug|Any CPU.Build.0 = Debug|Any CPU
		{B68CA483-5960-4F3D-A699-E685B8EBB593}.Release|Any CPU.ActiveCfg = Release|Any CPU
		{B68CA483-5960-4F3D-A699-E685B8EBB593}.Release|Any CPU.Build.0 = Release|Any CPU
	EndGlobalSection
	GlobalSection(SolutionProperties) = preSolution
		HideSolutionNode = FALSE
	EndGlobalSection
	GlobalSection(ExtensibilityGlobals) = postSolution
		SolutionGuid = {27BAFD5F-1B17-4F2A-A174-2B93F99E4C55}
	EndGlobalSection
EndGlobal
